
Microsoft Visual Studio Solution File, Format Version 12.00
# Visual Studio 15
VisualStudioVersion = 15.0.28307.438
MinimumVisualStudioVersion = 10.0.40219.1
Project("{FAE04EC0-301F-11D3-BF4B-00C04F79EFBC}") = "OcrDemo", "OcrDemo\OcrDemo.csproj", "{B7464C63-AAD8-4E4B-A53C-21A6CF1EC32D}"
EndProject
Project("{9A19103F-16F7-4668-BE54-9A1E7A4F7556}") = "OcrLib", "OcrLib\OcrLib.csproj", "{B4B0807B-7638-46FA-8BC5-51A62753B73F}"
EndProject
Project("{FAE04EC0-301F-11D3-BF4B-00C04F79EFBC}") = "OcrDemo.Contracts", "OcrDemo.Contracts\OcrDemo.Contracts.csproj", "{866FDEE4-3D6D-4492-9E50-D0005A9DA469}"
EndProject
Project("{FAE04EC0-301F-11D3-BF4B-00C04F79EFBC}") = "UnitTestProject1", "UnitTestProject1\UnitTestProject1.csproj", "{60DB0CFB-2192-4F47-A515-4936DA224A30}"
EndProject
Global
	GlobalSection(SolutionConfigurationPlatforms) = preSolution
		Debug|Any CPU = Debug|Any CPU
		Release|Any CPU = Release|Any CPU
	EndGlobalSection
	GlobalSection(ProjectConfigurationPlatforms) = postSolution
		{B7464C63-AAD8-4E4B-A53C-21A6CF1EC32D}.Debug|Any CPU.ActiveCfg = Debug|Any CPU
		{B7464C63-AAD8-4E4B-A53C-21A6CF1EC32D}.Debug|Any CPU.Build.0 = Debug|Any CPU
		{B7464C63-AAD8-4E4B-A53C-21A6CF1EC32D}.Release|Any CPU.ActiveCfg = Release|Any CPU
		{B7464C63-AAD8-4E4B-A53C-21A6CF1EC32D}.Release|Any CPU.Build.0 = Release|Any CPU
		{B4B0807B-7638-46FA-8BC5-51A62753B73F}.Debug|Any CPU.ActiveCfg = Debug|Any CPU
		{B4B0807B-7638-46FA-8BC5-51A62753B73F}.Debug|Any CPU.Build.0 = Debug|Any CPU
		{B4B0807B-7638-46FA-8BC5-51A62753B73F}.Release|Any CPU.ActiveCfg = Release|Any CPU
		{B4B0807B-7638-46FA-8BC5-51A62753B73F}.Release|Any CPU.Build.0 = Release|Any CPU
		{866FDEE4-3D6D-4492-9E50-D0005A9DA469}.Debug|Any CPU.ActiveCfg = Debug|Any CPU
		{866FDEE4-3D6D-4492-9E50-D0005A9DA469}.Debug|Any CPU.Build.0 = Debug|Any CPU
		{866FDEE4-3D6D-4492-9E50-D0005A9DA469}.Release|Any CPU.ActiveCfg = Release|Any CPU
		{866FDEE4-3D6D-4492-9E50-D0005A9DA469}.Release|Any CPU.Build.0 = Release|Any CPU
		{60DB0CFB-2192-4F47-A515-4936DA224A30}.Debug|Any CPU.ActiveCfg = Debug|Any CPU
		{60DB0CFB-2192-4F47-A515-4936DA224A30}.Debug|Any CPU.Build.0 = Debug|Any CPU
		{60DB0CFB-2192-4F47-A515-4936DA224A30}.Release|Any CPU.ActiveCfg = Release|Any CPU
		{60DB0CFB-2192-4F47-A515-4936DA224A30}.Release|Any CPU.Build.0 = Release|Any CPU
	EndGlobalSection
	GlobalSection(SolutionProperties) = preSolution
		HideSolutionNode = FALSE
	EndGlobalSection
	GlobalSection(ExtensibilityGlobals) = postSolution
		SolutionGuid = {6FACD592-EBB1-496C-A35F-EB92FAC7945D}
	EndGlobalSection
EndGlobal
